
Microsoft Visual Studio Solution File, Format Version 12.00
# Visual Studio Version 16
VisualStudioVersion = 16.0.29102.190
MinimumVisualStudioVersion = 10.0.40219.1
Project("{FAE04EC0-301F-11D3-BF4B-00C04F79EFBC}") = "ConsoleApp97", "ConsoleApp97\ConsoleApp97.csproj", "{3F517542-519F-4BD0-BD00-59DD16114874}"
EndProject
Global
	GlobalSection(SolutionConfigurationPlatforms) = preSolution
		Debug|Any CPU = Debug|Any CPU
		Release|Any CPU = Release|Any CPU
	EndGlobalSection
	GlobalSection(ProjectConfigurationPlatforms) = postSolution
		{3F517542-519F-4BD0-BD00-59DD16114874}.Debug|Any CPU.ActiveCfg = Debug|Any CPU
		{3F517542-519F-4BD0-BD00-59DD16114874}.Debug|Any CPU.Build.0 = Debug|Any CPU
		{3F517542-519F-4BD0-BD00-59DD16114874}.Release|Any CPU.ActiveCfg = Release|Any CPU
		{3F517542-519F-4BD0-BD00-59DD16114874}.Release|Any CPU.Build.0 = Release|Any CPU
	EndGlobalSection
	GlobalSection(SolutionProperties) = preSolution
		HideSolutionNode = FALSE
	EndGlobalSection
	GlobalSection(ExtensibilityGlobals) = postSolution
		SolutionGuid = {06DA9D1E-A426-4C70-BDA8-AF9F606252B1}
	EndGlobalSection
EndGlobal
