
Microsoft Visual Studio Solution File, Format Version 12.00
# Visual Studio Version 16
VisualStudioVersion = 16.0.29102.190
MinimumVisualStudioVersion = 10.0.40219.1
Project("{FAE04EC0-301F-11D3-BF4B-00C04F79EFBC}") = "WpfApp34", "WpfApp34\WpfApp34.csproj", "{0998892A-6795-48FE-AC14-DC15C11AA89A}"
EndProject
Global
	GlobalSection(SolutionConfigurationPlatforms) = preSolution
		Debug|Any CPU = Debug|Any CPU
		Release|Any CPU = Release|Any CPU
	EndGlobalSection
	GlobalSection(ProjectConfigurationPlatforms) = postSolution
		{0998892A-6795-48FE-AC14-DC15C11AA89A}.Debug|Any CPU.ActiveCfg = Debug|Any CPU
		{0998892A-6795-48FE-AC14-DC15C11AA89A}.Debug|Any CPU.Build.0 = Debug|Any CPU
		{0998892A-6795-48FE-AC14-DC15C11AA89A}.Release|Any CPU.ActiveCfg = Release|Any CPU
		{0998892A-6795-48FE-AC14-DC15C11AA89A}.Release|Any CPU.Build.0 = Release|Any CPU
	EndGlobalSection
	GlobalSection(SolutionProperties) = preSolution
		HideSolutionNode = FALSE
	EndGlobalSection
	GlobalSection(ExtensibilityGlobals) = postSolution
		SolutionGuid = {A2E6EDFB-E3A0-48D8-8439-60A355D28DAF}
	EndGlobalSection
EndGlobal
