
Microsoft Visual Studio Solution File, Format Version 12.00
# Visual Studio Version 16
VisualStudioVersion = 16.0.29102.190
MinimumVisualStudioVersion = 10.0.40219.1
Project("{FAE04EC0-301F-11D3-BF4B-00C04F79EFBC}") = "WpfApp40", "WpfApp40\WpfApp40.csproj", "{AA911416-F41D-47E4-AF7D-9980850BD000}"
EndProject
Global
	GlobalSection(SolutionConfigurationPlatforms) = preSolution
		Debug|Any CPU = Debug|Any CPU
		Release|Any CPU = Release|Any CPU
	EndGlobalSection
	GlobalSection(ProjectConfigurationPlatforms) = postSolution
		{AA911416-F41D-47E4-AF7D-9980850BD000}.Debug|Any CPU.ActiveCfg = Debug|Any CPU
		{AA911416-F41D-47E4-AF7D-9980850BD000}.Debug|Any CPU.Build.0 = Debug|Any CPU
		{AA911416-F41D-47E4-AF7D-9980850BD000}.Release|Any CPU.ActiveCfg = Release|Any CPU
		{AA911416-F41D-47E4-AF7D-9980850BD000}.Release|Any CPU.Build.0 = Release|Any CPU
	EndGlobalSection
	GlobalSection(SolutionProperties) = preSolution
		HideSolutionNode = FALSE
	EndGlobalSection
	GlobalSection(ExtensibilityGlobals) = postSolution
		SolutionGuid = {02F8B2F1-0BF7-4F3C-8197-5FED4EDAF5BA}
	EndGlobalSection
EndGlobal
