
Microsoft Visual Studio Solution File, Format Version 12.00
# Visual Studio Version 16
VisualStudioVersion = 16.0.29102.190
MinimumVisualStudioVersion = 10.0.40219.1
Project("{FAE04EC0-301F-11D3-BF4B-00C04F79EFBC}") = "WpfApp64", "WpfApp64\WpfApp64.csproj", "{1ACA7732-9684-4FC6-A06A-B81DFA971EBE}"
EndProject
Global
	GlobalSection(SolutionConfigurationPlatforms) = preSolution
		Debug|Any CPU = Debug|Any CPU
		Release|Any CPU = Release|Any CPU
	EndGlobalSection
	GlobalSection(ProjectConfigurationPlatforms) = postSolution
		{1ACA7732-9684-4FC6-A06A-B81DFA971EBE}.Debug|Any CPU.ActiveCfg = Debug|Any CPU
		{1ACA7732-9684-4FC6-A06A-B81DFA971EBE}.Debug|Any CPU.Build.0 = Debug|Any CPU
		{1ACA7732-9684-4FC6-A06A-B81DFA971EBE}.Release|Any CPU.ActiveCfg = Release|Any CPU
		{1ACA7732-9684-4FC6-A06A-B81DFA971EBE}.Release|Any CPU.Build.0 = Release|Any CPU
	EndGlobalSection
	GlobalSection(SolutionProperties) = preSolution
		HideSolutionNode = FALSE
	EndGlobalSection
	GlobalSection(ExtensibilityGlobals) = postSolution
		SolutionGuid = {4D8EF887-DF1D-4718-B5E3-69BA1772E22E}
	EndGlobalSection
EndGlobal
